
Microsoft Visual Studio Solution File, Format Version 12.00
# Visual Studio Version 16
VisualStudioVersion = 16.0.29503.13
MinimumVisualStudioVersion = 10.0.40219.1
Project("{9A19103F-16F7-4668-BE54-9A1E7A4F7556}") = "ImageAssetGenerator", "ImageAssetGenerator\ImageAssetGenerator.csproj", "{3D507B62-BD9D-4D7F-ACE8-0F6E34014AF0}"
EndProject
Project("{9A19103F-16F7-4668-BE54-9A1E7A4F7556}") = "PNGOptimiser", "PNGOptimiser\PNGOptimiser.csproj", "{E49678DB-19F2-4288-83C0-8B421CB603A3}"
EndProject
Global
	GlobalSection(SolutionConfigurationPlatforms) = preSolution
		Debug|Any CPU = Debug|Any CPU
		Release|Any CPU = Release|Any CPU
	EndGlobalSection
	GlobalSection(ProjectConfigurationPlatforms) = postSolution
		{3D507B62-BD9D-4D7F-ACE8-0F6E34014AF0}.Debug|Any CPU.ActiveCfg = Debug|Any CPU
		{3D507B62-BD9D-4D7F-ACE8-0F6E34014AF0}.Debug|Any CPU.Build.0 = Debug|Any CPU
		{3D507B62-BD9D-4D7F-ACE8-0F6E34014AF0}.Release|Any CPU.ActiveCfg = Release|Any CPU
		{3D507B62-BD9D-4D7F-ACE8-0F6E34014AF0}.Release|Any CPU.Build.0 = Release|Any CPU
		{E49678DB-19F2-4288-83C0-8B421CB603A3}.Debug|Any CPU.ActiveCfg = Debug|Any CPU
		{E49678DB-19F2-4288-83C0-8B421CB603A3}.Debug|Any CPU.Build.0 = Debug|Any CPU
		{E49678DB-19F2-4288-83C0-8B421CB603A3}.Release|Any CPU.ActiveCfg = Release|Any CPU
		{E49678DB-19F2-4288-83C0-8B421CB603A3}.Release|Any CPU.Build.0 = Release|Any CPU
	EndGlobalSection
	GlobalSection(SolutionProperties) = preSolution
		HideSolutionNode = FALSE
	EndGlobalSection
	GlobalSection(ExtensibilityGlobals) = postSolution
		SolutionGuid = {D89D9843-70B2-4F91-99EC-DE2D78657F6E}
	EndGlobalSection
EndGlobal
